<?xml version="1.0" encoding="utf-8"?>
<Project ToolsVersion="17.0" xmlns="http://schemas.microsoft.com/developer/msbuild/2003">
  <ItemGroup>
    <ClCompile Include="D:\github\CSC317_bounding_volume_hierarchy\libigl\external\glfw\src\context.c">
      <Filter>Source Files</Filter>
    </ClCompile>
    <ClCompile Include="D:\github\CSC317_bounding_volume_hierarchy\libigl\external\glfw\src\init.c">
      <Filter>Source Files</Filter>
    </ClCompile>
    <ClCompile Include="D:\github\CSC317_bounding_volume_hierarchy\libigl\external\glfw\src\input.c">
      <Filter>Source Files</Filter>
    </ClCompile>
    <ClCompile Include="D:\github\CSC317_bounding_volume_hierarchy\libigl\external\glfw\src\monitor.c">
      <Filter>Source Files</Filter>
    </ClCompile>
    <ClCompile Include="D:\github\CSC317_bounding_volume_hierarchy\libigl\external\glfw\src\vulkan.c">
      <Filter>Source Files</Filter>
    </ClCompile>
    <ClCompile Include="D:\github\CSC317_bounding_volume_hierarchy\libigl\external\glfw\src\window.c">
      <Filter>Source Files</Filter>
    </ClCompile>
    <ClCompile Include="D:\github\CSC317_bounding_volume_hierarchy\libigl\external\glfw\src\win32_init.c">
      <Filter>Source Files</Filter>
    </ClCompile>
    <ClCompile Include="D:\github\CSC317_bounding_volume_hierarchy\libigl\external\glfw\src\win32_joystick.c">
      <Filter>Source Files</Filter>
    </ClCompile>
    <ClCompile Include="D:\github\CSC317_bounding_volume_hierarchy\libigl\external\glfw\src\win32_monitor.c">
      <Filter>Source Files</Filter>
    </ClCompile>
    <ClCompile Include="D:\github\CSC317_bounding_volume_hierarchy\libigl\external\glfw\src\win32_time.c">
      <Filter>Source Files</Filter>
    </ClCompile>
    <ClCompile Include="D:\github\CSC317_bounding_volume_hierarchy\libigl\external\glfw\src\win32_thread.c">
      <Filter>Source Files</Filter>
    </ClCompile>
    <ClCompile Include="D:\github\CSC317_bounding_volume_hierarchy\libigl\external\glfw\src\win32_window.c">
      <Filter>Source Files</Filter>
    </ClCompile>
    <ClCompile Include="D:\github\CSC317_bounding_volume_hierarchy\libigl\external\glfw\src\wgl_context.c">
      <Filter>Source Files</Filter>
    </ClCompile>
    <ClCompile Include="D:\github\CSC317_bounding_volume_hierarchy\libigl\external\glfw\src\egl_context.c">
      <Filter>Source Files</Filter>
    </ClCompile>
    <ClCompile Include="D:\github\CSC317_bounding_volume_hierarchy\libigl\external\glfw\src\osmesa_context.c">
      <Filter>Source Files</Filter>
    </ClCompile>
  </ItemGroup>
  <ItemGroup>
    <ClInclude Include="D:\github\CSC317_bounding_volume_hierarchy\libigl\external\glfw\include\GLFW\glfw3.h">
      <Filter>Header Files</Filter>
    </ClInclude>
    <ClInclude Include="D:\github\CSC317_bounding_volume_hierarchy\libigl\external\glfw\include\GLFW\glfw3native.h">
      <Filter>Header Files</Filter>
    </ClInclude>
    <ClInclude Include="D:\github\CSC317_bounding_volume_hierarchy\libigl\external\glfw\src\internal.h">
      <Filter>Header Files</Filter>
    </ClInclude>
    <ClInclude Include="D:\github\CSC317_bounding_volume_hierarchy\libigl\external\glfw\src\mappings.h">
      <Filter>Header Files</Filter>
    </ClInclude>
    <ClInclude Include="D:\github\CSC317_bounding_volume_hierarchy\libigl\external\glfw\src\win32_platform.h">
      <Filter>Header Files</Filter>
    </ClInclude>
    <ClInclude Include="D:\github\CSC317_bounding_volume_hierarchy\libigl\external\glfw\src\win32_joystick.h">
      <Filter>Header Files</Filter>
    </ClInclude>
    <ClInclude Include="D:\github\CSC317_bounding_volume_hierarchy\libigl\external\glfw\src\wgl_context.h">
      <Filter>Header Files</Filter>
    </ClInclude>
    <ClInclude Include="D:\github\CSC317_bounding_volume_hierarchy\libigl\external\glfw\src\egl_context.h">
      <Filter>Header Files</Filter>
    </ClInclude>
    <ClInclude Include="D:\github\CSC317_bounding_volume_hierarchy\libigl\external\glfw\src\osmesa_context.h">
      <Filter>Header Files</Filter>
    </ClInclude>
    <ClInclude Include="D:\github\CSC317_bounding_volume_hierarchy\build_release\glfw\src\glfw_config.h">
      <Filter>Header Files</Filter>
    </ClInclude>
  </ItemGroup>
  <ItemGroup>
    <CustomBuild Include="D:\github\CSC317_bounding_volume_hierarchy\libigl\external\glfw\src\CMakeLists.txt" />
  </ItemGroup>
  <ItemGroup>
    <Filter Include="Header Files">
      <UniqueIdentifier>{50380E54-BA1C-302B-8EE7-2B6415254BE1}</UniqueIdentifier>
    </Filter>
    <Filter Include="Source Files">
      <UniqueIdentifier>{EDC62A91-9BEA-34F8-9B17-0E66B24396CC}</UniqueIdentifier>
    </Filter>
  </ItemGroup>
</Project>
