
Microsoft Visual Studio Solution File, Format Version 12.00
# Visual Studio Version 17
Project("{2150E333-8FDC-42A3-9474-1A3956D46DE8}") = "CMakePredefinedTargets", "CMakePredefinedTargets", "{BB9638AB-977F-3AC2-A14A-D8CB806853A0}"
EndProject
Project("{2150E333-8FDC-42A3-9474-1A3956D46DE8}") = "GLFW3", "GLFW3", "{40690DAB-BEAD-3B37-960E-C53FAFB7A3C6}"
EndProject
Project("{8BC9CEB8-8B4A-11D0-8D11-00A0C91BC942}") = "ALL_BUILD", "ALL_BUILD.vcxproj", "{1179692E-59D6-3B2F-9075-2B63025E5616}"
	ProjectSection(ProjectDependencies) = postProject
		{1EFF5C54-6B17-3845-8A65-B0036EFDEC5E} = {1EFF5C54-6B17-3845-8A65-B0036EFDEC5E}
		{0988C070-0C09-3F54-A96E-DA23F14C47B0} = {0988C070-0C09-3F54-A96E-DA23F14C47B0}
		{950DC375-93BD-33A2-BD95-973B02BDFF27} = {950DC375-93BD-33A2-BD95-973B02BDFF27}
		{24E31B27-D156-3940-8A34-0BA4810CD6C2} = {24E31B27-D156-3940-8A34-0BA4810CD6C2}
		{6B64114B-A0B4-3BA7-8C76-75FCB4A910DC} = {6B64114B-A0B4-3BA7-8C76-75FCB4A910DC}
		{BAE2A898-ACB4-38BA-AFA0-D3A7D2A641CE} = {BAE2A898-ACB4-38BA-AFA0-D3A7D2A641CE}
		{A63014AB-FB5C-3513-9B27-57D8C36A12C0} = {A63014AB-FB5C-3513-9B27-57D8C36A12C0}
	EndProjectSection
EndProject
Project("{8BC9CEB8-8B4A-11D0-8D11-00A0C91BC942}") = "ZERO_CHECK", "ZERO_CHECK.vcxproj", "{1EFF5C54-6B17-3845-8A65-B0036EFDEC5E}"
	ProjectSection(ProjectDependencies) = postProject
	EndProjectSection
EndProject
Project("{8BC9CEB8-8B4A-11D0-8D11-00A0C91BC942}") = "core", "core.vcxproj", "{0988C070-0C09-3F54-A96E-DA23F14C47B0}"
	ProjectSection(ProjectDependencies) = postProject
		{1EFF5C54-6B17-3845-8A65-B0036EFDEC5E} = {1EFF5C54-6B17-3845-8A65-B0036EFDEC5E}
		{24E31B27-D156-3940-8A34-0BA4810CD6C2} = {24E31B27-D156-3940-8A34-0BA4810CD6C2}
		{6B64114B-A0B4-3BA7-8C76-75FCB4A910DC} = {6B64114B-A0B4-3BA7-8C76-75FCB4A910DC}
	EndProjectSection
EndProject
Project("{8BC9CEB8-8B4A-11D0-8D11-00A0C91BC942}") = "distances", "distances.vcxproj", "{950DC375-93BD-33A2-BD95-973B02BDFF27}"
	ProjectSection(ProjectDependencies) = postProject
		{1EFF5C54-6B17-3845-8A65-B0036EFDEC5E} = {1EFF5C54-6B17-3845-8A65-B0036EFDEC5E}
		{0988C070-0C09-3F54-A96E-DA23F14C47B0} = {0988C070-0C09-3F54-A96E-DA23F14C47B0}
		{24E31B27-D156-3940-8A34-0BA4810CD6C2} = {24E31B27-D156-3940-8A34-0BA4810CD6C2}
		{6B64114B-A0B4-3BA7-8C76-75FCB4A910DC} = {6B64114B-A0B4-3BA7-8C76-75FCB4A910DC}
	EndProjectSection
EndProject
Project("{8BC9CEB8-8B4A-11D0-8D11-00A0C91BC942}") = "glad", "glad\glad.vcxproj", "{24E31B27-D156-3940-8A34-0BA4810CD6C2}"
	ProjectSection(ProjectDependencies) = postProject
		{1EFF5C54-6B17-3845-8A65-B0036EFDEC5E} = {1EFF5C54-6B17-3845-8A65-B0036EFDEC5E}
	EndProjectSection
EndProject
Project("{8BC9CEB8-8B4A-11D0-8D11-00A0C91BC942}") = "glfw", "glfw\src\glfw.vcxproj", "{6B64114B-A0B4-3BA7-8C76-75FCB4A910DC}"
	ProjectSection(ProjectDependencies) = postProject
		{1EFF5C54-6B17-3845-8A65-B0036EFDEC5E} = {1EFF5C54-6B17-3845-8A65-B0036EFDEC5E}
	EndProjectSection
EndProject
Project("{8BC9CEB8-8B4A-11D0-8D11-00A0C91BC942}") = "intersections", "intersections.vcxproj", "{BAE2A898-ACB4-38BA-AFA0-D3A7D2A641CE}"
	ProjectSection(ProjectDependencies) = postProject
		{1EFF5C54-6B17-3845-8A65-B0036EFDEC5E} = {1EFF5C54-6B17-3845-8A65-B0036EFDEC5E}
		{0988C070-0C09-3F54-A96E-DA23F14C47B0} = {0988C070-0C09-3F54-A96E-DA23F14C47B0}
		{24E31B27-D156-3940-8A34-0BA4810CD6C2} = {24E31B27-D156-3940-8A34-0BA4810CD6C2}
		{6B64114B-A0B4-3BA7-8C76-75FCB4A910DC} = {6B64114B-A0B4-3BA7-8C76-75FCB4A910DC}
	EndProjectSection
EndProject
Project("{8BC9CEB8-8B4A-11D0-8D11-00A0C91BC942}") = "rays", "rays.vcxproj", "{A63014AB-FB5C-3513-9B27-57D8C36A12C0}"
	ProjectSection(ProjectDependencies) = postProject
		{1EFF5C54-6B17-3845-8A65-B0036EFDEC5E} = {1EFF5C54-6B17-3845-8A65-B0036EFDEC5E}
		{0988C070-0C09-3F54-A96E-DA23F14C47B0} = {0988C070-0C09-3F54-A96E-DA23F14C47B0}
		{24E31B27-D156-3940-8A34-0BA4810CD6C2} = {24E31B27-D156-3940-8A34-0BA4810CD6C2}
		{6B64114B-A0B4-3BA7-8C76-75FCB4A910DC} = {6B64114B-A0B4-3BA7-8C76-75FCB4A910DC}
	EndProjectSection
EndProject
Global
	GlobalSection(SolutionConfigurationPlatforms) = preSolution
		Debug|x64 = Debug|x64
		Release|x64 = Release|x64
		MinSizeRel|x64 = MinSizeRel|x64
		RelWithDebInfo|x64 = RelWithDebInfo|x64
	EndGlobalSection
	GlobalSection(ProjectConfigurationPlatforms) = postSolution
		{1179692E-59D6-3B2F-9075-2B63025E5616}.Debug|x64.ActiveCfg = Debug|x64
		{1179692E-59D6-3B2F-9075-2B63025E5616}.Release|x64.ActiveCfg = Release|x64
		{1179692E-59D6-3B2F-9075-2B63025E5616}.MinSizeRel|x64.ActiveCfg = MinSizeRel|x64
		{1179692E-59D6-3B2F-9075-2B63025E5616}.RelWithDebInfo|x64.ActiveCfg = RelWithDebInfo|x64
		{1EFF5C54-6B17-3845-8A65-B0036EFDEC5E}.Debug|x64.ActiveCfg = Debug|x64
		{1EFF5C54-6B17-3845-8A65-B0036EFDEC5E}.Debug|x64.Build.0 = Debug|x64
		{1EFF5C54-6B17-3845-8A65-B0036EFDEC5E}.Release|x64.ActiveCfg = Release|x64
		{1EFF5C54-6B17-3845-8A65-B0036EFDEC5E}.Release|x64.Build.0 = Release|x64
		{1EFF5C54-6B17-3845-8A65-B0036EFDEC5E}.MinSizeRel|x64.ActiveCfg = MinSizeRel|x64
		{1EFF5C54-6B17-3845-8A65-B0036EFDEC5E}.MinSizeRel|x64.Build.0 = MinSizeRel|x64
		{1EFF5C54-6B17-3845-8A65-B0036EFDEC5E}.RelWithDebInfo|x64.ActiveCfg = RelWithDebInfo|x64
		{1EFF5C54-6B17-3845-8A65-B0036EFDEC5E}.RelWithDebInfo|x64.Build.0 = RelWithDebInfo|x64
		{0988C070-0C09-3F54-A96E-DA23F14C47B0}.Debug|x64.ActiveCfg = Debug|x64
		{0988C070-0C09-3F54-A96E-DA23F14C47B0}.Debug|x64.Build.0 = Debug|x64
		{0988C070-0C09-3F54-A96E-DA23F14C47B0}.Release|x64.ActiveCfg = Release|x64
		{0988C070-0C09-3F54-A96E-DA23F14C47B0}.Release|x64.Build.0 = Release|x64
		{0988C070-0C09-3F54-A96E-DA23F14C47B0}.MinSizeRel|x64.ActiveCfg = MinSizeRel|x64
		{0988C070-0C09-3F54-A96E-DA23F14C47B0}.MinSizeRel|x64.Build.0 = MinSizeRel|x64
		{0988C070-0C09-3F54-A96E-DA23F14C47B0}.RelWithDebInfo|x64.ActiveCfg = RelWithDebInfo|x64
		{0988C070-0C09-3F54-A96E-DA23F14C47B0}.RelWithDebInfo|x64.Build.0 = RelWithDebInfo|x64
		{950DC375-93BD-33A2-BD95-973B02BDFF27}.Debug|x64.ActiveCfg = Debug|x64
		{950DC375-93BD-33A2-BD95-973B02BDFF27}.Debug|x64.Build.0 = Debug|x64
		{950DC375-93BD-33A2-BD95-973B02BDFF27}.Release|x64.ActiveCfg = Release|x64
		{950DC375-93BD-33A2-BD95-973B02BDFF27}.Release|x64.Build.0 = Release|x64
		{950DC375-93BD-33A2-BD95-973B02BDFF27}.MinSizeRel|x64.ActiveCfg = MinSizeRel|x64
		{950DC375-93BD-33A2-BD95-973B02BDFF27}.MinSizeRel|x64.Build.0 = MinSizeRel|x64
		{950DC375-93BD-33A2-BD95-973B02BDFF27}.RelWithDebInfo|x64.ActiveCfg = RelWithDebInfo|x64
		{950DC375-93BD-33A2-BD95-973B02BDFF27}.RelWithDebInfo|x64.Build.0 = RelWithDebInfo|x64
		{24E31B27-D156-3940-8A34-0BA4810CD6C2}.Debug|x64.ActiveCfg = Debug|x64
		{24E31B27-D156-3940-8A34-0BA4810CD6C2}.Debug|x64.Build.0 = Debug|x64
		{24E31B27-D156-3940-8A34-0BA4810CD6C2}.Release|x64.ActiveCfg = Release|x64
		{24E31B27-D156-3940-8A34-0BA4810CD6C2}.Release|x64.Build.0 = Release|x64
		{24E31B27-D156-3940-8A34-0BA4810CD6C2}.MinSizeRel|x64.ActiveCfg = MinSizeRel|x64
		{24E31B27-D156-3940-8A34-0BA4810CD6C2}.MinSizeRel|x64.Build.0 = MinSizeRel|x64
		{24E31B27-D156-3940-8A34-0BA4810CD6C2}.RelWithDebInfo|x64.ActiveCfg = RelWithDebInfo|x64
		{24E31B27-D156-3940-8A34-0BA4810CD6C2}.RelWithDebInfo|x64.Build.0 = RelWithDebInfo|x64
		{6B64114B-A0B4-3BA7-8C76-75FCB4A910DC}.Debug|x64.ActiveCfg = Debug|x64
		{6B64114B-A0B4-3BA7-8C76-75FCB4A910DC}.Debug|x64.Build.0 = Debug|x64
		{6B64114B-A0B4-3BA7-8C76-75FCB4A910DC}.Release|x64.ActiveCfg = Release|x64
		{6B64114B-A0B4-3BA7-8C76-75FCB4A910DC}.Release|x64.Build.0 = Release|x64
		{6B64114B-A0B4-3BA7-8C76-75FCB4A910DC}.MinSizeRel|x64.ActiveCfg = MinSizeRel|x64
		{6B64114B-A0B4-3BA7-8C76-75FCB4A910DC}.MinSizeRel|x64.Build.0 = MinSizeRel|x64
		{6B64114B-A0B4-3BA7-8C76-75FCB4A910DC}.RelWithDebInfo|x64.ActiveCfg = RelWithDebInfo|x64
		{6B64114B-A0B4-3BA7-8C76-75FCB4A910DC}.RelWithDebInfo|x64.Build.0 = RelWithDebInfo|x64
		{BAE2A898-ACB4-38BA-AFA0-D3A7D2A641CE}.Debug|x64.ActiveCfg = Debug|x64
		{BAE2A898-ACB4-38BA-AFA0-D3A7D2A641CE}.Debug|x64.Build.0 = Debug|x64
		{BAE2A898-ACB4-38BA-AFA0-D3A7D2A641CE}.Release|x64.ActiveCfg = Release|x64
		{BAE2A898-ACB4-38BA-AFA0-D3A7D2A641CE}.Release|x64.Build.0 = Release|x64
		{BAE2A898-ACB4-38BA-AFA0-D3A7D2A641CE}.MinSizeRel|x64.ActiveCfg = MinSizeRel|x64
		{BAE2A898-ACB4-38BA-AFA0-D3A7D2A641CE}.MinSizeRel|x64.Build.0 = MinSizeRel|x64
		{BAE2A898-ACB4-38BA-AFA0-D3A7D2A641CE}.RelWithDebInfo|x64.ActiveCfg = RelWithDebInfo|x64
		{BAE2A898-ACB4-38BA-AFA0-D3A7D2A641CE}.RelWithDebInfo|x64.Build.0 = RelWithDebInfo|x64
		{A63014AB-FB5C-3513-9B27-57D8C36A12C0}.Debug|x64.ActiveCfg = Debug|x64
		{A63014AB-FB5C-3513-9B27-57D8C36A12C0}.Debug|x64.Build.0 = Debug|x64
		{A63014AB-FB5C-3513-9B27-57D8C36A12C0}.Release|x64.ActiveCfg = Release|x64
		{A63014AB-FB5C-3513-9B27-57D8C36A12C0}.Release|x64.Build.0 = Release|x64
		{A63014AB-FB5C-3513-9B27-57D8C36A12C0}.MinSizeRel|x64.ActiveCfg = MinSizeRel|x64
		{A63014AB-FB5C-3513-9B27-57D8C36A12C0}.MinSizeRel|x64.Build.0 = MinSizeRel|x64
		{A63014AB-FB5C-3513-9B27-57D8C36A12C0}.RelWithDebInfo|x64.ActiveCfg = RelWithDebInfo|x64
		{A63014AB-FB5C-3513-9B27-57D8C36A12C0}.RelWithDebInfo|x64.Build.0 = RelWithDebInfo|x64
	EndGlobalSection
	GlobalSection(NestedProjects) = preSolution
		{1179692E-59D6-3B2F-9075-2B63025E5616} = {BB9638AB-977F-3AC2-A14A-D8CB806853A0}
		{1EFF5C54-6B17-3845-8A65-B0036EFDEC5E} = {BB9638AB-977F-3AC2-A14A-D8CB806853A0}
		{6B64114B-A0B4-3BA7-8C76-75FCB4A910DC} = {40690DAB-BEAD-3B37-960E-C53FAFB7A3C6}
	EndGlobalSection
	GlobalSection(ExtensibilityGlobals) = postSolution
		SolutionGuid = {8DA52B75-D4D8-3DEE-89BC-F0C04283BD1B}
	EndGlobalSection
	GlobalSection(ExtensibilityAddIns) = postSolution
	EndGlobalSection
EndGlobal
