<?xml version="1.0" encoding="utf-8"?>
<Project ToolsVersion="17.0" xmlns="http://schemas.microsoft.com/developer/msbuild/2003">
  <ItemGroup>
    <ClCompile Include="D:\github\CSC317_bounding_volume_hierarchy\src\AABBTree.cpp">
      <Filter>Source Files</Filter>
    </ClCompile>
    <ClCompile Include="D:\github\CSC317_bounding_volume_hierarchy\src\AABBTree_ray_intersect.cpp">
      <Filter>Source Files</Filter>
    </ClCompile>
    <ClCompile Include="D:\github\CSC317_bounding_volume_hierarchy\src\box_box_intersect.cpp">
      <Filter>Source Files</Filter>
    </ClCompile>
    <ClCompile Include="D:\github\CSC317_bounding_volume_hierarchy\src\find_all_intersecting_pairs_using_AABBTrees.cpp">
      <Filter>Source Files</Filter>
    </ClCompile>
    <ClCompile Include="D:\github\CSC317_bounding_volume_hierarchy\src\insert_box_into_box.cpp">
      <Filter>Source Files</Filter>
    </ClCompile>
    <ClCompile Include="D:\github\CSC317_bounding_volume_hierarchy\src\insert_triangle_into_box.cpp">
      <Filter>Source Files</Filter>
    </ClCompile>
    <ClCompile Include="D:\github\CSC317_bounding_volume_hierarchy\src\nearest_neighbor_brute_force.cpp">
      <Filter>Source Files</Filter>
    </ClCompile>
    <ClCompile Include="D:\github\CSC317_bounding_volume_hierarchy\src\point_AABBTree_squared_distance.cpp">
      <Filter>Source Files</Filter>
    </ClCompile>
    <ClCompile Include="D:\github\CSC317_bounding_volume_hierarchy\src\point_box_squared_distance.cpp">
      <Filter>Source Files</Filter>
    </ClCompile>
    <ClCompile Include="D:\github\CSC317_bounding_volume_hierarchy\src\ray_intersect_box.cpp">
      <Filter>Source Files</Filter>
    </ClCompile>
    <ClCompile Include="D:\github\CSC317_bounding_volume_hierarchy\src\ray_intersect_triangle.cpp">
      <Filter>Source Files</Filter>
    </ClCompile>
    <ClCompile Include="D:\github\CSC317_bounding_volume_hierarchy\src\ray_intersect_triangle_mesh_brute_force.cpp">
      <Filter>Source Files</Filter>
    </ClCompile>
    <ClCompile Include="D:\github\CSC317_bounding_volume_hierarchy\src\triangle_triangle_intersection.cpp">
      <Filter>Source Files</Filter>
    </ClCompile>
  </ItemGroup>
  <ItemGroup>
    <CustomBuild Include="D:\github\CSC317_bounding_volume_hierarchy\CMakeLists.txt" />
  </ItemGroup>
  <ItemGroup>
    <Filter Include="Source Files">
      <UniqueIdentifier>{EDC62A91-9BEA-34F8-9B17-0E66B24396CC}</UniqueIdentifier>
    </Filter>
  </ItemGroup>
</Project>
