<?xml version="1.0" encoding="utf-8"?>
<Project ToolsVersion="17.0" xmlns="http://schemas.microsoft.com/developer/msbuild/2003">
  <ItemGroup>
    <CustomBuild Include="D:\github\CSC317_bounding_volume_hierarchy\build_release\CMakeFiles\98a647f5e221cd50ffe4cebae736ce76\generate.stamp.rule">
      <Filter>CMake Rules</Filter>
    </CustomBuild>
  </ItemGroup>
  <ItemGroup>
    <Filter Include="CMake Rules">
      <UniqueIdentifier>{12972741-B27D-3C93-9058-B6AB008EBBBF}</UniqueIdentifier>
    </Filter>
  </ItemGroup>
</Project>
